
Microsoft Visual Studio Solution File, Format Version 12.00
# Visual Studio 15
VisualStudioVersion = 15.0.28307.572
MinimumVisualStudioVersion = 10.0.40219.1
Project("{FAE04EC0-301F-11D3-BF4B-00C04F79EFBC}") = "Fetka", "Fetka\Fetka.csproj", "{2C828FA0-7563-49C1-BB0C-13B9DCF7426D}"
EndProject
Global
	GlobalSection(SolutionConfigurationPlatforms) = preSolution
		Debug|Any CPU = Debug|Any CPU
		Release|Any CPU = Release|Any CPU
	EndGlobalSection
	GlobalSection(ProjectConfigurationPlatforms) = postSolution
		{2C828FA0-7563-49C1-BB0C-13B9DCF7426D}.Debug|Any CPU.ActiveCfg = Debug|Any CPU
		{2C828FA0-7563-49C1-BB0C-13B9DCF7426D}.Debug|Any CPU.Build.0 = Debug|Any CPU
		{2C828FA0-7563-49C1-BB0C-13B9DCF7426D}.Release|Any CPU.ActiveCfg = Release|Any CPU
		{2C828FA0-7563-49C1-BB0C-13B9DCF7426D}.Release|Any CPU.Build.0 = Release|Any CPU
	EndGlobalSection
	GlobalSection(SolutionProperties) = preSolution
		HideSolutionNode = FALSE
	EndGlobalSection
	GlobalSection(ExtensibilityGlobals) = postSolution
		SolutionGuid = {59AE5984-1CE0-429F-A4F8-933E47F523FC}
	EndGlobalSection
EndGlobal
